// !$*UTF8*$!
{
	archiveVersion = 1;
	classes = {
	};
	objectVersion = 50;
	objects = {

/* Begin PBXBuildFile section */
		BC7970A82121E2C1009B0378 /* main.swift in Sources */ = {isa = PBXBuildFile; fileRef = BC7970A72121E2C1009B0378 /* main.swift */; };
		BC7970A92121E303009B0378 /* Multiset.swift in Sources */ = {isa = PBXBuildFile; fileRef = BC948DC2212051450048BA4F /* Multiset.swift */; };
		BC948DC3212051450048BA4F /* Multiset.swift in Sources */ = {isa = PBXBuildFile; fileRef = BC948DC2212051450048BA4F /* Multiset.swift */; };
		BC948DCB212052E60048BA4F /* TestMultiset.swift in Sources */ = {isa = PBXBuildFile; fileRef = BC948DCA212052E60048BA4F /* TestMultiset.swift */; };
/* End PBXBuildFile section */

/* Begin PBXCopyFilesBuildPhase section */
		BC948DB6212050FF0048BA4F /* CopyFiles */ = {
			isa = PBXCopyFilesBuildPhase;
			buildActionMask = 2147483647;
			dstPath = /usr/share/man/man1/;
			dstSubfolderSpec = 0;
			files = (
			);
			runOnlyForDeploymentPostprocessing = 1;
		};
/* End PBXCopyFilesBuildPhase section */

/* Begin PBXFileReference section */
		BC7970A72121E2C1009B0378 /* main.swift */ = {isa = PBXFileReference; lastKnownFileType = sourcecode.swift; path = main.swift; sourceTree = "<group>"; };
		BC7970AB212452FD009B0378 /* LICENSE.TXT */ = {isa = PBXFileReference; lastKnownFileType = text; path = LICENSE.TXT; sourceTree = "<group>"; };
		BC948DB8212050FF0048BA4F /* Multiset */ = {isa = PBXFileReference; explicitFileType = "compiled.mach-o.executable"; includeInIndex = 0; path = Multiset; sourceTree = BUILT_PRODUCTS_DIR; };
		BC948DC2212051450048BA4F /* Multiset.swift */ = {isa = PBXFileReference; lastKnownFileType = sourcecode.swift; path = Multiset.swift; sourceTree = "<group>"; };
		BC948DC8212052E60048BA4F /* TestMultiset.xctest */ = {isa = PBXFileReference; explicitFileType = wrapper.cfbundle; includeInIndex = 0; path = TestMultiset.xctest; sourceTree = BUILT_PRODUCTS_DIR; };
		BC948DCA212052E60048BA4F /* TestMultiset.swift */ = {isa = PBXFileReference; lastKnownFileType = sourcecode.swift; path = TestMultiset.swift; sourceTree = "<group>"; };
		BC948DCC212052E60048BA4F /* Info.plist */ = {isa = PBXFileReference; lastKnownFileType = text.plist.xml; path = Info.plist; sourceTree = "<group>"; };
/* End PBXFileReference section */

/* Begin PBXFrameworksBuildPhase section */
		BC948DB5212050FF0048BA4F /* Frameworks */ = {
			isa = PBXFrameworksBuildPhase;
			buildActionMask = 2147483647;
			files = (
			);
			runOnlyForDeploymentPostprocessing = 0;
		};
		BC948DC5212052E60048BA4F /* Frameworks */ = {
			isa = PBXFrameworksBuildPhase;
			buildActionMask = 2147483647;
			files = (
			);
			runOnlyForDeploymentPostprocessing = 0;
		};
/* End PBXFrameworksBuildPhase section */

/* Begin PBXGroup section */
		BC948DAF212050FF0048BA4F = {
			isa = PBXGroup;
			children = (
				BC948DBA212050FF0048BA4F /* Multiset */,
				BC948DC9212052E60048BA4F /* TestMultiset */,
				BC948DB9212050FF0048BA4F /* Products */,
			);
			sourceTree = "<group>";
		};
		BC948DB9212050FF0048BA4F /* Products */ = {
			isa = PBXGroup;
			children = (
				BC948DB8212050FF0048BA4F /* Multiset */,
				BC948DC8212052E60048BA4F /* TestMultiset.xctest */,
			);
			name = Products;
			sourceTree = "<group>";
		};
		BC948DBA212050FF0048BA4F /* Multiset */ = {
			isa = PBXGroup;
			children = (
				BC7970A72121E2C1009B0378 /* main.swift */,
				BC948DC2212051450048BA4F /* Multiset.swift */,
				BC7970AB212452FD009B0378 /* LICENSE.TXT */,
			);
			path = Multiset;
			sourceTree = "<group>";
		};
		BC948DC9212052E60048BA4F /* TestMultiset */ = {
			isa = PBXGroup;
			children = (
				BC948DCA212052E60048BA4F /* TestMultiset.swift */,
				BC948DCC212052E60048BA4F /* Info.plist */,
			);
			path = TestMultiset;
			sourceTree = "<group>";
		};
/* End PBXGroup section */

/* Begin PBXNativeTarget section */
		BC948DB7212050FF0048BA4F /* Multiset */ = {
			isa = PBXNativeTarget;
			buildConfigurationList = BC948DBF212050FF0048BA4F /* Build configuration list for PBXNativeTarget "Multiset" */;
			buildPhases = (
				BC948DB4212050FF0048BA4F /* Sources */,
				BC948DB5212050FF0048BA4F /* Frameworks */,
				BC948DB6212050FF0048BA4F /* CopyFiles */,
			);
			buildRules = (
			);
			dependencies = (
			);
			name = Multiset;
			productName = Multiset;
			productReference = BC948DB8212050FF0048BA4F /* Multiset */;
			productType = "com.apple.product-type.tool";
		};
		BC948DC7212052E60048BA4F /* TestMultiset */ = {
			isa = PBXNativeTarget;
			buildConfigurationList = BC948DCD212052E60048BA4F /* Build configuration list for PBXNativeTarget "TestMultiset" */;
			buildPhases = (
				BC948DC4212052E60048BA4F /* Sources */,
				BC948DC5212052E60048BA4F /* Frameworks */,
				BC948DC6212052E60048BA4F /* Resources */,
			);
			buildRules = (
			);
			dependencies = (
			);
			name = TestMultiset;
			productName = TestMultiset;
			productReference = BC948DC8212052E60048BA4F /* TestMultiset.xctest */;
			productType = "com.apple.product-type.bundle.unit-test";
		};
/* End PBXNativeTarget section */

/* Begin PBXProject section */
		BC948DB0212050FF0048BA4F /* Project object */ = {
			isa = PBXProject;
			attributes = {
				LastSwiftUpdateCheck = 1000;
				LastUpgradeCheck = 1000;
				ORGANIZATIONNAME = Suhada;
				TargetAttributes = {
					BC948DB7212050FF0048BA4F = {
						CreatedOnToolsVersion = 10.0;
					};
					BC948DC7212052E60048BA4F = {
						CreatedOnToolsVersion = 10.0;
					};
				};
			};
			buildConfigurationList = BC948DB3212050FF0048BA4F /* Build configuration list for PBXProject "Multiset" */;
			compatibilityVersion = "Xcode 9.3";
			developmentRegion = en;
			hasScannedForEncodings = 0;
			knownRegions = (
				en,
			);
			mainGroup = BC948DAF212050FF0048BA4F;
			productRefGroup = BC948DB9212050FF0048BA4F /* Products */;
			projectDirPath = "";
			projectRoot = "";
			targets = (
				BC948DB7212050FF0048BA4F /* Multiset */,
				BC948DC7212052E60048BA4F /* TestMultiset */,
			);
		};
/* End PBXProject section */

/* Begin PBXResourcesBuildPhase section */
		BC948DC6212052E60048BA4F /* Resources */ = {
			isa = PBXResourcesBuildPhase;
			buildActionMask = 2147483647;
			files = (
			);
			runOnlyForDeploymentPostprocessing = 0;
		};
/* End PBXResourcesBuildPhase section */

/* Begin PBXSourcesBuildPhase section */
		BC948DB4212050FF0048BA4F /* Sources */ = {
			isa = PBXSourcesBuildPhase;
			buildActionMask = 2147483647;
			files = (
				BC7970A82121E2C1009B0378 /* main.swift in Sources */,
				BC948DC3212051450048BA4F /* Multiset.swift in Sources */,
			);
			runOnlyForDeploymentPostprocessing = 0;
		};
		BC948DC4212052E60048BA4F /* Sources */ = {
			isa = PBXSourcesBuildPhase;
			buildActionMask = 2147483647;
			files = (
				BC7970A92121E303009B0378 /* Multiset.swift in Sources */,
				BC948DCB212052E60048BA4F /* TestMultiset.swift in Sources */,
			);
			runOnlyForDeploymentPostprocessing = 0;
		};
/* End PBXSourcesBuildPhase section */

/* Begin XCBuildConfiguration section */
		BC948DBD212050FF0048BA4F /* Debug */ = {
			isa = XCBuildConfiguration;
			buildSettings = {
				ALWAYS_SEARCH_USER_PATHS = NO;
				CLANG_ANALYZER_NONNULL = YES;
				CLANG_ANALYZER_NUMBER_OBJECT_CONVERSION = YES_AGGRESSIVE;
				CLANG_CXX_LANGUAGE_STANDARD = "gnu++14";
				CLANG_CXX_LIBRARY = "libc++";
				CLANG_ENABLE_MODULES = YES;
				CLANG_ENABLE_OBJC_ARC = YES;
				CLANG_ENABLE_OBJC_WEAK = YES;
				CLANG_WARN_BLOCK_CAPTURE_AUTORELEASING = YES;
				CLANG_WARN_BOOL_CONVERSION = YES;
				CLANG_WARN_COMMA = YES;
				CLANG_WARN_CONSTANT_CONVERSION = YES;
				CLANG_WARN_DEPRECATED_OBJC_IMPLEMENTATIONS = YES;
				CLANG_WARN_DIRECT_OBJC_ISA_USAGE = YES_ERROR;
				CLANG_WARN_DOCUMENTATION_COMMENTS = YES;
				CLANG_WARN_EMPTY_BODY = YES;
				CLANG_WARN_ENUM_CONVERSION = YES;
				CLANG_WARN_INFINITE_RECURSION = YES;
				CLANG_WARN_INT_CONVERSION = YES;
				CLANG_WARN_NON_LITERAL_NULL_CONVERSION = YES;
				CLANG_WARN_OBJC_IMPLICIT_RETAIN_SELF = YES;
				CLANG_WARN_OBJC_LITERAL_CONVERSION = YES;
				CLANG_WARN_OBJC_ROOT_CLASS = YES_ERROR;
				CLANG_WARN_RANGE_LOOP_ANALYSIS = YES;
				CLANG_WARN_STRICT_PROTOTYPES = YES;
				CLANG_WARN_SUSPICIOUS_MOVE = YES;
				CLANG_WARN_UNGUARDED_AVAILABILITY = YES_AGGRESSIVE;
				CLANG_WARN_UNREACHABLE_CODE = YES;
				CLANG_WARN__DUPLICATE_METHOD_MATCH = YES;
				CODE_SIGN_IDENTITY = "Mac Developer";
				COPY_PHASE_STRIP = NO;
				DEBUG_INFORMATION_FORMAT = dwarf;
				ENABLE_STRICT_OBJC_MSGSEND = YES;
				ENABLE_TESTABILITY = YES;
				GCC_C_LANGUAGE_STANDARD = gnu11;
				GCC_DYNAMIC_NO_PIC = NO;
				GCC_NO_COMMON_BLOCKS = YES;
				GCC_OPTIMIZATION_LEVEL = 0;
				GCC_PREPROCESSOR_DEFINITIONS = (
					"DEBUG=1",
					"$(inherited)",
				);
				GCC_WARN_64_TO_32_BIT_CONVERSION = YES;
				GCC_WARN_ABOUT_RETURN_TYPE = YES_ERROR;
				GCC_WARN_UNDECLARED_SELECTOR = YES;
				GCC_WARN_UNINITIALIZED_AUTOS = YES_AGGRESSIVE;
				GCC_WARN_UNUSED_FUNCTION = YES;
				GCC_WARN_UNUSED_VARIABLE = YES;
				MACOSX_DEPLOYMENT_TARGET = 10.13;
				MTL_ENABLE_DEBUG_INFO = INCLUDE_SOURCE;
				MTL_FAST_MATH = YES;
				ONLY_ACTIVE_ARCH = YES;
				SDKROOT = macosx;
				SWIFT_ACTIVE_COMPILATION_CONDITIONS = DEBUG;
				SWIFT_OPTIMIZATION_LEVEL = "-Onone";
			};
			name = Debug;
		};
		BC948DBE212050FF0048BA4F /* Release */ = {
			isa = XCBuildConfiguration;
			buildSettings = {
				ALWAYS_SEARCH_USER_PATHS = NO;
				CLANG_ANALYZER_NONNULL = YES;
				CLANG_ANALYZER_NUMBER_OBJECT_CONVERSION = YES_AGGRESSIVE;
				CLANG_CXX_LANGUAGE_STANDARD = "gnu++14";
				CLANG_CXX_LIBRARY = "libc++";
				CLANG_ENABLE_MODULES = YES;
				CLANG_ENABLE_OBJC_ARC = YES;
				CLANG_ENABLE_OBJC_WEAK = YES;
				CLANG_WARN_BLOCK_CAPTURE_AUTORELEASING = YES;
				CLANG_WARN_BOOL_CONVERSION = YES;
				CLANG_WARN_COMMA = YES;
				CLANG_WARN_CONSTANT_CONVERSION = YES;
				CLANG_WARN_DEPRECATED_OBJC_IMPLEMENTATIONS = YES;
				CLANG_WARN_DIRECT_OBJC_ISA_USAGE = YES_ERROR;
				CLANG_WARN_DOCUMENTATION_COMMENTS = YES;
				CLANG_WARN_EMPTY_BODY = YES;
				CLANG_WARN_ENUM_CONVERSION = YES;
				CLANG_WARN_INFINITE_RECURSION = YES;
				CLANG_WARN_INT_CONVERSION = YES;
				CLANG_WARN_NON_LITERAL_NULL_CONVERSION = YES;
				CLANG_WARN_OBJC_IMPLICIT_RETAIN_SELF = YES;
				CLANG_WARN_OBJC_LITERAL_CONVERSION = YES;
				CLANG_WARN_OBJC_ROOT_CLASS = YES_ERROR;
				CLANG_WARN_RANGE_LOOP_ANALYSIS = YES;
				CLANG_WARN_STRICT_PROTOTYPES = YES;
				CLANG_WARN_SUSPICIOUS_MOVE = YES;
				CLANG_WARN_UNGUARDED_AVAILABILITY = YES_AGGRESSIVE;
				CLANG_WARN_UNREACHABLE_CODE = YES;
				CLANG_WARN__DUPLICATE_METHOD_MATCH = YES;
				CODE_SIGN_IDENTITY = "Mac Developer";
				COPY_PHASE_STRIP = NO;
				DEBUG_INFORMATION_FORMAT = "dwarf-with-dsym";
				ENABLE_NS_ASSERTIONS = NO;
				ENABLE_STRICT_OBJC_MSGSEND = YES;
				GCC_C_LANGUAGE_STANDARD = gnu11;
				GCC_NO_COMMON_BLOCKS = YES;
				GCC_WARN_64_TO_32_BIT_CONVERSION = YES;
				GCC_WARN_ABOUT_RETURN_TYPE = YES_ERROR;
				GCC_WARN_UNDECLARED_SELECTOR = YES;
				GCC_WARN_UNINITIALIZED_AUTOS = YES_AGGRESSIVE;
				GCC_WARN_UNUSED_FUNCTION = YES;
				GCC_WARN_UNUSED_VARIABLE = YES;
				MACOSX_DEPLOYMENT_TARGET = 10.13;
				MTL_ENABLE_DEBUG_INFO = NO;
				MTL_FAST_MATH = YES;
				SDKROOT = macosx;
				SWIFT_COMPILATION_MODE = wholemodule;
				SWIFT_OPTIMIZATION_LEVEL = "-O";
			};
			name = Release;
		};
		BC948DC0212050FF0048BA4F /* Debug */ = {
			isa = XCBuildConfiguration;
			buildSettings = {
				CODE_SIGN_STYLE = Automatic;
				DEVELOPMENT_TEAM = ZDJL49QA87;
				PRODUCT_NAME = "$(TARGET_NAME)";
				SWIFT_VERSION = 4.2;
			};
			name = Debug;
		};
		BC948DC1212050FF0048BA4F /* Release */ = {
			isa = XCBuildConfiguration;
			buildSettings = {
				CODE_SIGN_STYLE = Automatic;
				DEVELOPMENT_TEAM = ZDJL49QA87;
				PRODUCT_NAME = "$(TARGET_NAME)";
				SWIFT_VERSION = 4.2;
			};
			name = Release;
		};
		BC948DCE212052E60048BA4F /* Debug */ = {
			isa = XCBuildConfiguration;
			buildSettings = {
				CODE_SIGN_STYLE = Automatic;
				COMBINE_HIDPI_IMAGES = YES;
				DEVELOPMENT_TEAM = ZDJL49QA87;
				INFOPLIST_FILE = TestMultiset/Info.plist;
				LD_RUNPATH_SEARCH_PATHS = (
					"$(inherited)",
					"@executable_path/../Frameworks",
					"@loader_path/../Frameworks",
				);
				PRODUCT_BUNDLE_IDENTIFIER = "tester-suhada.TestMultiset";
				PRODUCT_NAME = "$(TARGET_NAME)";
				SWIFT_VERSION = 4.2;
			};
			name = Debug;
		};
		BC948DCF212052E60048BA4F /* Release */ = {
			isa = XCBuildConfiguration;
			buildSettings = {
				CODE_SIGN_STYLE = Automatic;
				COMBINE_HIDPI_IMAGES = YES;
				DEVELOPMENT_TEAM = ZDJL49QA87;
				INFOPLIST_FILE = TestMultiset/Info.plist;
				LD_RUNPATH_SEARCH_PATHS = (
					"$(inherited)",
					"@executable_path/../Frameworks",
					"@loader_path/../Frameworks",
				);
				PRODUCT_BUNDLE_IDENTIFIER = "tester-suhada.TestMultiset";
				PRODUCT_NAME = "$(TARGET_NAME)";
				SWIFT_VERSION = 4.2;
			};
			name = Release;
		};
/* End XCBuildConfiguration section */

/* Begin XCConfigurationList section */
		BC948DB3212050FF0048BA4F /* Build configuration list for PBXProject "Multiset" */ = {
			isa = XCConfigurationList;
			buildConfigurations = (
				BC948DBD212050FF0048BA4F /* Debug */,
				BC948DBE212050FF0048BA4F /* Release */,
			);
			defaultConfigurationIsVisible = 0;
			defaultConfigurationName = Release;
		};
		BC948DBF212050FF0048BA4F /* Build configuration list for PBXNativeTarget "Multiset" */ = {
			isa = XCConfigurationList;
			buildConfigurations = (
				BC948DC0212050FF0048BA4F /* Debug */,
				BC948DC1212050FF0048BA4F /* Release */,
			);
			defaultConfigurationIsVisible = 0;
			defaultConfigurationName = Release;
		};
		BC948DCD212052E60048BA4F /* Build configuration list for PBXNativeTarget "TestMultiset" */ = {
			isa = XCConfigurationList;
			buildConfigurations = (
				BC948DCE212052E60048BA4F /* Debug */,
				BC948DCF212052E60048BA4F /* Release */,
			);
			defaultConfigurationIsVisible = 0;
			defaultConfigurationName = Release;
		};
/* End XCConfigurationList section */
	};
	rootObject = BC948DB0212050FF0048BA4F /* Project object */;
}
